
Microsoft Visual Studio Solution File, Format Version 12.00
# Visual Studio Version 16
VisualStudioVersion = 16.0.30907.101
MinimumVisualStudioVersion = 10.0.40219.1
Project("{FAE04EC0-301F-11D3-BF4B-00C04F79EFBC}") = "WebApplication1", "WebApplication1\WebApplication1.csproj", "{CFFB7B66-3B37-4B93-8880-70F6DD9AB4A2}"
EndProject
Global
	GlobalSection(SolutionConfigurationPlatforms) = preSolution
		Debug|Any CPU = Debug|Any CPU
		Release|Any CPU = Release|Any CPU
	EndGlobalSection
	GlobalSection(ProjectConfigurationPlatforms) = postSolution
		{CFFB7B66-3B37-4B93-8880-70F6DD9AB4A2}.Debug|Any CPU.ActiveCfg = Debug|Any CPU
		{CFFB7B66-3B37-4B93-8880-70F6DD9AB4A2}.Debug|Any CPU.Build.0 = Debug|Any CPU
		{CFFB7B66-3B37-4B93-8880-70F6DD9AB4A2}.Release|Any CPU.ActiveCfg = Release|Any CPU
		{CFFB7B66-3B37-4B93-8880-70F6DD9AB4A2}.Release|Any CPU.Build.0 = Release|Any CPU
	EndGlobalSection
	GlobalSection(SolutionProperties) = preSolution
		HideSolutionNode = FALSE
	EndGlobalSection
	GlobalSection(ExtensibilityGlobals) = postSolution
		SolutionGuid = {8FF9FB15-3DCB-4E32-B1F8-8AA86F9DDE5B}
	EndGlobalSection
EndGlobal
